
Microsoft Visual Studio Solution File, Format Version 12.00
# Visual Studio Version 16
VisualStudioVersion = 16.0.30804.86
MinimumVisualStudioVersion = 10.0.40219.1
Project("{FAE04EC0-301F-11D3-BF4B-00C04F79EFBC}") = "protpyesharp", "protpyesharp.csproj", "{7F0A8E4A-8135-4EBF-BCEE-BE913833E995}"
EndProject
Global
	GlobalSection(SolutionConfigurationPlatforms) = preSolution
		Debug|Any CPU = Debug|Any CPU
		Release|Any CPU = Release|Any CPU
	EndGlobalSection
	GlobalSection(ProjectConfigurationPlatforms) = postSolution
		{7F0A8E4A-8135-4EBF-BCEE-BE913833E995}.Debug|Any CPU.ActiveCfg = Debug|Any CPU
		{7F0A8E4A-8135-4EBF-BCEE-BE913833E995}.Debug|Any CPU.Build.0 = Debug|Any CPU
		{7F0A8E4A-8135-4EBF-BCEE-BE913833E995}.Release|Any CPU.ActiveCfg = Release|Any CPU
		{7F0A8E4A-8135-4EBF-BCEE-BE913833E995}.Release|Any CPU.Build.0 = Release|Any CPU
	EndGlobalSection
	GlobalSection(SolutionProperties) = preSolution
		HideSolutionNode = FALSE
	EndGlobalSection
	GlobalSection(ExtensibilityGlobals) = postSolution
		SolutionGuid = {0E9C261B-513F-4F13-BBB9-9AACD8120839}
	EndGlobalSection
EndGlobal
